
Microsoft Visual Studio Solution File, Format Version 12.00
# Visual Studio Version 17
VisualStudioVersion = 17.11.35303.130
MinimumVisualStudioVersion = 10.0.40219.1
Project("{888888A0-9F3D-457C-B088-3A5042F75D52}") = "NoteAppUI", "NoteAppUI.pyproj", "{B141D024-D40E-44D1-983F-4773516AF8EE}"
EndProject
Global
	GlobalSection(SolutionConfigurationPlatforms) = preSolution
		Debug|Any CPU = Debug|Any CPU
		Release|Any CPU = Release|Any CPU
	EndGlobalSection
	GlobalSection(ProjectConfigurationPlatforms) = postSolution
		{B141D024-D40E-44D1-983F-4773516AF8EE}.Debug|Any CPU.ActiveCfg = Debug|Any CPU
		{B141D024-D40E-44D1-983F-4773516AF8EE}.Release|Any CPU.ActiveCfg = Release|Any CPU
	EndGlobalSection
	GlobalSection(SolutionProperties) = preSolution
		HideSolutionNode = FALSE
	EndGlobalSection
	GlobalSection(ExtensibilityGlobals) = postSolution
		SolutionGuid = {7B0D17CD-6F7B-424D-8BEE-4CDEA1C2521E}
	EndGlobalSection
EndGlobal
